
Microsoft Visual Studio Solution File, Format Version 12.00
# Visual Studio Version 17
VisualStudioVersion = 17.5.002.0
MinimumVisualStudioVersion = 10.0.40219.1
Project("{2150E333-8FDC-42A3-9474-1A3956D46DE8}") = "csharp-prep", "csharp-prep", "{D39E1537-69B9-449F-A313-A4D1920AAE7E}"
EndProject
Project("{9A19103F-16F7-4668-BE54-9A1E7A4F7556}") = "Prep1", "csharp-prep\Prep1\Prep1.csproj", "{8F7D0858-CA76-441A-935A-4CDB52BDB104}"
EndProject
Project("{9A19103F-16F7-4668-BE54-9A1E7A4F7556}") = "Prep2", "csharp-prep\Prep2\Prep2.csproj", "{D5771C23-28B8-489C-9DBF-65AAD4F0C1E5}"
EndProject
Project("{9A19103F-16F7-4668-BE54-9A1E7A4F7556}") = "Prep3", "csharp-prep\Prep3\Prep3.csproj", "{F500A8F6-E1E5-4EDE-B403-0E20C05E5B9D}"
EndProject
Project("{9A19103F-16F7-4668-BE54-9A1E7A4F7556}") = "Prep4", "csharp-prep\Prep4\Prep4.csproj", "{16C2EFF7-CFB8-4038-8D42-EBB175C11D2C}"
EndProject
Project("{9A19103F-16F7-4668-BE54-9A1E7A4F7556}") = "Prep5", "csharp-prep\Prep5\Prep5.csproj", "{FCCBE8CC-5E8B-4164-9DC7-917E8304C3AF}"
EndProject
Project("{2150E333-8FDC-42A3-9474-1A3956D46DE8}") = "final", "final", "{1BEEED30-375C-44D5-BB1C-1756813017E2}"
EndProject
Project("{9A19103F-16F7-4668-BE54-9A1E7A4F7556}") = "FinalProject", "final\FinalProject\FinalProject.csproj", "{54272523-5758-4B8A-BB37-01286071FD7E}"
EndProject
Project("{9A19103F-16F7-4668-BE54-9A1E7A4F7556}") = "Foundation1", "final\Foundation1\Foundation1.csproj", "{818F3A5E-1C24-4165-B4EE-1EA6223F5DB4}"
EndProject
Project("{9A19103F-16F7-4668-BE54-9A1E7A4F7556}") = "Foundation2", "final\Foundation2\Foundation2.csproj", "{74BC791D-EFF1-4A9D-99FE-DE8B8C406564}"
EndProject
Project("{9A19103F-16F7-4668-BE54-9A1E7A4F7556}") = "Foundation3", "final\Foundation3\Foundation3.csproj", "{3B3BABE5-EAC6-47BC-912A-27E597867A3D}"
EndProject
Project("{9A19103F-16F7-4668-BE54-9A1E7A4F7556}") = "Foundation4", "final\Foundation4\Foundation4.csproj", "{B0620162-867F-4C2E-B7A2-8416148347BA}"
EndProject
Project("{2150E333-8FDC-42A3-9474-1A3956D46DE8}") = "prepare", "prepare", "{41743A74-3716-45AE-A25B-A747673FF6B7}"
EndProject
Project("{9A19103F-16F7-4668-BE54-9A1E7A4F7556}") = "Learning02", "prepare\Learning02\Learning02.csproj", "{1860B89E-4478-4B51-8400-AC48CDB6CB11}"
EndProject
Project("{9A19103F-16F7-4668-BE54-9A1E7A4F7556}") = "Learning03", "prepare\Learning03\Learning03.csproj", "{CA23AEB7-D717-4845-93AE-C592C01D1FB8}"
EndProject
Project("{9A19103F-16F7-4668-BE54-9A1E7A4F7556}") = "Learning04", "prepare\Learning04\Learning04.csproj", "{E7963595-004F-4BB5-A75B-6E97142FDA27}"
EndProject
Project("{9A19103F-16F7-4668-BE54-9A1E7A4F7556}") = "Learning05", "prepare\Learning05\Learning05.csproj", "{65392CDD-B1C9-4536-8BCC-C436C3258293}"
EndProject
Project("{2150E333-8FDC-42A3-9474-1A3956D46DE8}") = "prove", "prove", "{C2E35D58-439A-48FB-AF09-9728C91B42F0}"
EndProject
Project("{9A19103F-16F7-4668-BE54-9A1E7A4F7556}") = "Develop02", "prove\Develop02\Develop02.csproj", "{B1BA256C-BB07-4C3E-AE8C-B861E7995D8C}"
EndProject
Project("{9A19103F-16F7-4668-BE54-9A1E7A4F7556}") = "Develop03", "prove\Develop03\Develop03.csproj", "{4A73C6DF-34E3-4BF9-AA02-D67662D17FD0}"
EndProject
Project("{9A19103F-16F7-4668-BE54-9A1E7A4F7556}") = "Develop04", "prove\Develop04\Develop04.csproj", "{892B1EEF-EE68-409A-BB3A-9D273B517A03}"
EndProject
Project("{9A19103F-16F7-4668-BE54-9A1E7A4F7556}") = "Develop05", "prove\Develop05\Develop05.csproj", "{ACB1EB02-6CF5-4505-A358-0BD4AFAB13E2}"
EndProject
Project("{2150E333-8FDC-42A3-9474-1A3956D46DE8}") = "sandbox", "sandbox", "{C006F224-B8E0-46A0-ABEF-179B69ED14BB}"
EndProject
Project("{9A19103F-16F7-4668-BE54-9A1E7A4F7556}") = "Sandbox", "sandbox\Sandbox\Sandbox.csproj", "{A84A5D75-5324-42E4-9303-04CF8360FCA6}"
EndProject
Global
	GlobalSection(SolutionConfigurationPlatforms) = preSolution
		Debug|Any CPU = Debug|Any CPU
		Release|Any CPU = Release|Any CPU
	EndGlobalSection
	GlobalSection(ProjectConfigurationPlatforms) = postSolution
		{8F7D0858-CA76-441A-935A-4CDB52BDB104}.Debug|Any CPU.ActiveCfg = Debug|Any CPU
		{8F7D0858-CA76-441A-935A-4CDB52BDB104}.Debug|Any CPU.Build.0 = Debug|Any CPU
		{8F7D0858-CA76-441A-935A-4CDB52BDB104}.Release|Any CPU.ActiveCfg = Release|Any CPU
		{8F7D0858-CA76-441A-935A-4CDB52BDB104}.Release|Any CPU.Build.0 = Release|Any CPU
		{D5771C23-28B8-489C-9DBF-65AAD4F0C1E5}.Debug|Any CPU.ActiveCfg = Debug|Any CPU
		{D5771C23-28B8-489C-9DBF-65AAD4F0C1E5}.Debug|Any CPU.Build.0 = Debug|Any CPU
		{D5771C23-28B8-489C-9DBF-65AAD4F0C1E5}.Release|Any CPU.ActiveCfg = Release|Any CPU
		{D5771C23-28B8-489C-9DBF-65AAD4F0C1E5}.Release|Any CPU.Build.0 = Release|Any CPU
		{F500A8F6-E1E5-4EDE-B403-0E20C05E5B9D}.Debug|Any CPU.ActiveCfg = Debug|Any CPU
		{F500A8F6-E1E5-4EDE-B403-0E20C05E5B9D}.Debug|Any CPU.Build.0 = Debug|Any CPU
		{F500A8F6-E1E5-4EDE-B403-0E20C05E5B9D}.Release|Any CPU.ActiveCfg = Release|Any CPU
		{F500A8F6-E1E5-4EDE-B403-0E20C05E5B9D}.Release|Any CPU.Build.0 = Release|Any CPU
		{16C2EFF7-CFB8-4038-8D42-EBB175C11D2C}.Debug|Any CPU.ActiveCfg = Debug|Any CPU
		{16C2EFF7-CFB8-4038-8D42-EBB175C11D2C}.Debug|Any CPU.Build.0 = Debug|Any CPU
		{16C2EFF7-CFB8-4038-8D42-EBB175C11D2C}.Release|Any CPU.ActiveCfg = Release|Any CPU
		{16C2EFF7-CFB8-4038-8D42-EBB175C11D2C}.Release|Any CPU.Build.0 = Release|Any CPU
		{FCCBE8CC-5E8B-4164-9DC7-917E8304C3AF}.Debug|Any CPU.ActiveCfg = Debug|Any CPU
		{FCCBE8CC-5E8B-4164-9DC7-917E8304C3AF}.Debug|Any CPU.Build.0 = Debug|Any CPU
		{FCCBE8CC-5E8B-4164-9DC7-917E8304C3AF}.Release|Any CPU.ActiveCfg = Release|Any CPU
		{FCCBE8CC-5E8B-4164-9DC7-917E8304C3AF}.Release|Any CPU.Build.0 = Release|Any CPU
		{54272523-5758-4B8A-BB37-01286071FD7E}.Debug|Any CPU.ActiveCfg = Debug|Any CPU
		{54272523-5758-4B8A-BB37-01286071FD7E}.Debug|Any CPU.Build.0 = Debug|Any CPU
		{54272523-5758-4B8A-BB37-01286071FD7E}.Release|Any CPU.ActiveCfg = Release|Any CPU
		{54272523-5758-4B8A-BB37-01286071FD7E}.Release|Any CPU.Build.0 = Release|Any CPU
		{818F3A5E-1C24-4165-B4EE-1EA6223F5DB4}.Debug|Any CPU.ActiveCfg = Debug|Any CPU
		{818F3A5E-1C24-4165-B4EE-1EA6223F5DB4}.Debug|Any CPU.Build.0 = Debug|Any CPU
		{818F3A5E-1C24-4165-B4EE-1EA6223F5DB4}.Release|Any CPU.ActiveCfg = Release|Any CPU
		{818F3A5E-1C24-4165-B4EE-1EA6223F5DB4}.Release|Any CPU.Build.0 = Release|Any CPU
		{74BC791D-EFF1-4A9D-99FE-DE8B8C406564}.Debug|Any CPU.ActiveCfg = Debug|Any CPU
		{74BC791D-EFF1-4A9D-99FE-DE8B8C406564}.Debug|Any CPU.Build.0 = Debug|Any CPU
		{74BC791D-EFF1-4A9D-99FE-DE8B8C406564}.Release|Any CPU.ActiveCfg = Release|Any CPU
		{74BC791D-EFF1-4A9D-99FE-DE8B8C406564}.Release|Any CPU.Build.0 = Release|Any CPU
		{3B3BABE5-EAC6-47BC-912A-27E597867A3D}.Debug|Any CPU.ActiveCfg = Debug|Any CPU
		{3B3BABE5-EAC6-47BC-912A-27E597867A3D}.Debug|Any CPU.Build.0 = Debug|Any CPU
		{3B3BABE5-EAC6-47BC-912A-27E597867A3D}.Release|Any CPU.ActiveCfg = Release|Any CPU
		{3B3BABE5-EAC6-47BC-912A-27E597867A3D}.Release|Any CPU.Build.0 = Release|Any CPU
		{B0620162-867F-4C2E-B7A2-8416148347BA}.Debug|Any CPU.ActiveCfg = Debug|Any CPU
		{B0620162-867F-4C2E-B7A2-8416148347BA}.Debug|Any CPU.Build.0 = Debug|Any CPU
		{B0620162-867F-4C2E-B7A2-8416148347BA}.Release|Any CPU.ActiveCfg = Release|Any CPU
		{B0620162-867F-4C2E-B7A2-8416148347BA}.Release|Any CPU.Build.0 = Release|Any CPU
		{1860B89E-4478-4B51-8400-AC48CDB6CB11}.Debug|Any CPU.ActiveCfg = Debug|Any CPU
		{1860B89E-4478-4B51-8400-AC48CDB6CB11}.Debug|Any CPU.Build.0 = Debug|Any CPU
		{1860B89E-4478-4B51-8400-AC48CDB6CB11}.Release|Any CPU.ActiveCfg = Release|Any CPU
		{1860B89E-4478-4B51-8400-AC48CDB6CB11}.Release|Any CPU.Build.0 = Release|Any CPU
		{CA23AEB7-D717-4845-93AE-C592C01D1FB8}.Debug|Any CPU.ActiveCfg = Debug|Any CPU
		{CA23AEB7-D717-4845-93AE-C592C01D1FB8}.Debug|Any CPU.Build.0 = Debug|Any CPU
		{CA23AEB7-D717-4845-93AE-C592C01D1FB8}.Release|Any CPU.ActiveCfg = Release|Any CPU
		{CA23AEB7-D717-4845-93AE-C592C01D1FB8}.Release|Any CPU.Build.0 = Release|Any CPU
		{E7963595-004F-4BB5-A75B-6E97142FDA27}.Debug|Any CPU.ActiveCfg = Debug|Any CPU
		{E7963595-004F-4BB5-A75B-6E97142FDA27}.Debug|Any CPU.Build.0 = Debug|Any CPU
		{E7963595-004F-4BB5-A75B-6E97142FDA27}.Release|Any CPU.ActiveCfg = Release|Any CPU
		{E7963595-004F-4BB5-A75B-6E97142FDA27}.Release|Any CPU.Build.0 = Release|Any CPU
		{65392CDD-B1C9-4536-8BCC-C436C3258293}.Debug|Any CPU.ActiveCfg = Debug|Any CPU
		{65392CDD-B1C9-4536-8BCC-C436C3258293}.Debug|Any CPU.Build.0 = Debug|Any CPU
		{65392CDD-B1C9-4536-8BCC-C436C3258293}.Release|Any CPU.ActiveCfg = Release|Any CPU
		{65392CDD-B1C9-4536-8BCC-C436C3258293}.Release|Any CPU.Build.0 = Release|Any CPU
		{B1BA256C-BB07-4C3E-AE8C-B861E7995D8C}.Debug|Any CPU.ActiveCfg = Debug|Any CPU
		{B1BA256C-BB07-4C3E-AE8C-B861E7995D8C}.Debug|Any CPU.Build.0 = Debug|Any CPU
		{B1BA256C-BB07-4C3E-AE8C-B861E7995D8C}.Release|Any CPU.ActiveCfg = Release|Any CPU
		{B1BA256C-BB07-4C3E-AE8C-B861E7995D8C}.Release|Any CPU.Build.0 = Release|Any CPU
		{4A73C6DF-34E3-4BF9-AA02-D67662D17FD0}.Debug|Any CPU.ActiveCfg = Debug|Any CPU
		{4A73C6DF-34E3-4BF9-AA02-D67662D17FD0}.Debug|Any CPU.Build.0 = Debug|Any CPU
		{4A73C6DF-34E3-4BF9-AA02-D67662D17FD0}.Release|Any CPU.ActiveCfg = Release|Any CPU
		{4A73C6DF-34E3-4BF9-AA02-D67662D17FD0}.Release|Any CPU.Build.0 = Release|Any CPU
		{892B1EEF-EE68-409A-BB3A-9D273B517A03}.Debug|Any CPU.ActiveCfg = Debug|Any CPU
		{892B1EEF-EE68-409A-BB3A-9D273B517A03}.Debug|Any CPU.Build.0 = Debug|Any CPU
		{892B1EEF-EE68-409A-BB3A-9D273B517A03}.Release|Any CPU.ActiveCfg = Release|Any CPU
		{892B1EEF-EE68-409A-BB3A-9D273B517A03}.Release|Any CPU.Build.0 = Release|Any CPU
		{ACB1EB02-6CF5-4505-A358-0BD4AFAB13E2}.Debug|Any CPU.ActiveCfg = Debug|Any CPU
		{ACB1EB02-6CF5-4505-A358-0BD4AFAB13E2}.Debug|Any CPU.Build.0 = Debug|Any CPU
		{ACB1EB02-6CF5-4505-A358-0BD4AFAB13E2}.Release|Any CPU.ActiveCfg = Release|Any CPU
		{ACB1EB02-6CF5-4505-A358-0BD4AFAB13E2}.Release|Any CPU.Build.0 = Release|Any CPU
		{A84A5D75-5324-42E4-9303-04CF8360FCA6}.Debug|Any CPU.ActiveCfg = Debug|Any CPU
		{A84A5D75-5324-42E4-9303-04CF8360FCA6}.Debug|Any CPU.Build.0 = Debug|Any CPU
		{A84A5D75-5324-42E4-9303-04CF8360FCA6}.Release|Any CPU.ActiveCfg = Release|Any CPU
		{A84A5D75-5324-42E4-9303-04CF8360FCA6}.Release|Any CPU.Build.0 = Release|Any CPU
	EndGlobalSection
	GlobalSection(SolutionProperties) = preSolution
		HideSolutionNode = FALSE
	EndGlobalSection
	GlobalSection(NestedProjects) = preSolution
		{8F7D0858-CA76-441A-935A-4CDB52BDB104} = {D39E1537-69B9-449F-A313-A4D1920AAE7E}
		{D5771C23-28B8-489C-9DBF-65AAD4F0C1E5} = {D39E1537-69B9-449F-A313-A4D1920AAE7E}
		{F500A8F6-E1E5-4EDE-B403-0E20C05E5B9D} = {D39E1537-69B9-449F-A313-A4D1920AAE7E}
		{16C2EFF7-CFB8-4038-8D42-EBB175C11D2C} = {D39E1537-69B9-449F-A313-A4D1920AAE7E}
		{FCCBE8CC-5E8B-4164-9DC7-917E8304C3AF} = {D39E1537-69B9-449F-A313-A4D1920AAE7E}
		{54272523-5758-4B8A-BB37-01286071FD7E} = {1BEEED30-375C-44D5-BB1C-1756813017E2}
		{818F3A5E-1C24-4165-B4EE-1EA6223F5DB4} = {1BEEED30-375C-44D5-BB1C-1756813017E2}
		{74BC791D-EFF1-4A9D-99FE-DE8B8C406564} = {1BEEED30-375C-44D5-BB1C-1756813017E2}
		{3B3BABE5-EAC6-47BC-912A-27E597867A3D} = {1BEEED30-375C-44D5-BB1C-1756813017E2}
		{B0620162-867F-4C2E-B7A2-8416148347BA} = {1BEEED30-375C-44D5-BB1C-1756813017E2}
		{1860B89E-4478-4B51-8400-AC48CDB6CB11} = {41743A74-3716-45AE-A25B-A747673FF6B7}
		{CA23AEB7-D717-4845-93AE-C592C01D1FB8} = {41743A74-3716-45AE-A25B-A747673FF6B7}
		{E7963595-004F-4BB5-A75B-6E97142FDA27} = {41743A74-3716-45AE-A25B-A747673FF6B7}
		{65392CDD-B1C9-4536-8BCC-C436C3258293} = {41743A74-3716-45AE-A25B-A747673FF6B7}
		{B1BA256C-BB07-4C3E-AE8C-B861E7995D8C} = {C2E35D58-439A-48FB-AF09-9728C91B42F0}
		{4A73C6DF-34E3-4BF9-AA02-D67662D17FD0} = {C2E35D58-439A-48FB-AF09-9728C91B42F0}
		{892B1EEF-EE68-409A-BB3A-9D273B517A03} = {C2E35D58-439A-48FB-AF09-9728C91B42F0}
		{ACB1EB02-6CF5-4505-A358-0BD4AFAB13E2} = {C2E35D58-439A-48FB-AF09-9728C91B42F0}
		{A84A5D75-5324-42E4-9303-04CF8360FCA6} = {C006F224-B8E0-46A0-ABEF-179B69ED14BB}
	EndGlobalSection
	GlobalSection(ExtensibilityGlobals) = postSolution
		SolutionGuid = {1ABF94F1-3162-4AC3-8BBF-E9399AA6D2DD}
	EndGlobalSection
EndGlobal
